
Microsoft Visual Studio Solution File, Format Version 12.00
# Visual Studio 15
VisualStudioVersion = 15.0.28010.2026
MinimumVisualStudioVersion = 10.0.40219.1
Project("{FAE04EC0-301F-11D3-BF4B-00C04F79EFBC}") = "PWA.RunFullTrust", "PWA.RunFullTrust\PWA.RunFullTrust.csproj", "{1449D72C-E20E-4DC6-A8E0-C051EB87D483}"
EndProject
Project("{262852C6-CD72-467D-83FE-5EEB1973A190}") = "PWA.RunFullTrust.Client", "PWA.RunFullTrust.Client\PWA.RunFullTrust.Client.jsproj", "{1F64DE36-507F-4327-BDA6-47A45BD2789F}"
	ProjectSection(ProjectDependencies) = postProject
		{A5BDC2E2-9B10-4967-B2F2-44C992AA0FBD} = {A5BDC2E2-9B10-4967-B2F2-44C992AA0FBD}
	EndProjectSection
EndProject
Project("{FAE04EC0-301F-11D3-BF4B-00C04F79EFBC}") = "PWA.RunFullTrust.WPFApp", "PWA.RunFullTrust.WPFApp\PWA.RunFullTrust.WPFApp.csproj", "{A5BDC2E2-9B10-4967-B2F2-44C992AA0FBD}"
EndProject
Global
	GlobalSection(SolutionConfigurationPlatforms) = preSolution
		Debug|Any CPU = Debug|Any CPU
		Debug|ARM = Debug|ARM
		Debug|x64 = Debug|x64
		Debug|x86 = Debug|x86
		Release|Any CPU = Release|Any CPU
		Release|ARM = Release|ARM
		Release|x64 = Release|x64
		Release|x86 = Release|x86
	EndGlobalSection
	GlobalSection(ProjectConfigurationPlatforms) = postSolution
		{1449D72C-E20E-4DC6-A8E0-C051EB87D483}.Debug|Any CPU.ActiveCfg = Debug|Any CPU
		{1449D72C-E20E-4DC6-A8E0-C051EB87D483}.Debug|Any CPU.Build.0 = Debug|Any CPU
		{1449D72C-E20E-4DC6-A8E0-C051EB87D483}.Debug|ARM.ActiveCfg = Debug|Any CPU
		{1449D72C-E20E-4DC6-A8E0-C051EB87D483}.Debug|ARM.Build.0 = Debug|Any CPU
		{1449D72C-E20E-4DC6-A8E0-C051EB87D483}.Debug|x64.ActiveCfg = Debug|Any CPU
		{1449D72C-E20E-4DC6-A8E0-C051EB87D483}.Debug|x64.Build.0 = Debug|Any CPU
		{1449D72C-E20E-4DC6-A8E0-C051EB87D483}.Debug|x86.ActiveCfg = Debug|Any CPU
		{1449D72C-E20E-4DC6-A8E0-C051EB87D483}.Debug|x86.Build.0 = Debug|Any CPU
		{1449D72C-E20E-4DC6-A8E0-C051EB87D483}.Release|Any CPU.ActiveCfg = Release|Any CPU
		{1449D72C-E20E-4DC6-A8E0-C051EB87D483}.Release|Any CPU.Build.0 = Release|Any CPU
		{1449D72C-E20E-4DC6-A8E0-C051EB87D483}.Release|ARM.ActiveCfg = Release|Any CPU
		{1449D72C-E20E-4DC6-A8E0-C051EB87D483}.Release|ARM.Build.0 = Release|Any CPU
		{1449D72C-E20E-4DC6-A8E0-C051EB87D483}.Release|x64.ActiveCfg = Release|Any CPU
		{1449D72C-E20E-4DC6-A8E0-C051EB87D483}.Release|x64.Build.0 = Release|Any CPU
		{1449D72C-E20E-4DC6-A8E0-C051EB87D483}.Release|x86.ActiveCfg = Release|Any CPU
		{1449D72C-E20E-4DC6-A8E0-C051EB87D483}.Release|x86.Build.0 = Release|Any CPU
		{1F64DE36-507F-4327-BDA6-47A45BD2789F}.Debug|Any CPU.ActiveCfg = Debug|Any CPU
		{1F64DE36-507F-4327-BDA6-47A45BD2789F}.Debug|Any CPU.Build.0 = Debug|Any CPU
		{1F64DE36-507F-4327-BDA6-47A45BD2789F}.Debug|Any CPU.Deploy.0 = Debug|Any CPU
		{1F64DE36-507F-4327-BDA6-47A45BD2789F}.Debug|ARM.ActiveCfg = Debug|ARM
		{1F64DE36-507F-4327-BDA6-47A45BD2789F}.Debug|ARM.Build.0 = Debug|ARM
		{1F64DE36-507F-4327-BDA6-47A45BD2789F}.Debug|ARM.Deploy.0 = Debug|ARM
		{1F64DE36-507F-4327-BDA6-47A45BD2789F}.Debug|x64.ActiveCfg = Debug|x64
		{1F64DE36-507F-4327-BDA6-47A45BD2789F}.Debug|x64.Build.0 = Debug|x64
		{1F64DE36-507F-4327-BDA6-47A45BD2789F}.Debug|x64.Deploy.0 = Debug|x64
		{1F64DE36-507F-4327-BDA6-47A45BD2789F}.Debug|x86.ActiveCfg = Debug|x86
		{1F64DE36-507F-4327-BDA6-47A45BD2789F}.Debug|x86.Build.0 = Debug|x86
		{1F64DE36-507F-4327-BDA6-47A45BD2789F}.Debug|x86.Deploy.0 = Debug|x86
		{1F64DE36-507F-4327-BDA6-47A45BD2789F}.Release|Any CPU.ActiveCfg = Release|Any CPU
		{1F64DE36-507F-4327-BDA6-47A45BD2789F}.Release|Any CPU.Build.0 = Release|Any CPU
		{1F64DE36-507F-4327-BDA6-47A45BD2789F}.Release|Any CPU.Deploy.0 = Release|Any CPU
		{1F64DE36-507F-4327-BDA6-47A45BD2789F}.Release|ARM.ActiveCfg = Release|ARM
		{1F64DE36-507F-4327-BDA6-47A45BD2789F}.Release|ARM.Build.0 = Release|ARM
		{1F64DE36-507F-4327-BDA6-47A45BD2789F}.Release|ARM.Deploy.0 = Release|ARM
		{1F64DE36-507F-4327-BDA6-47A45BD2789F}.Release|x64.ActiveCfg = Release|x64
		{1F64DE36-507F-4327-BDA6-47A45BD2789F}.Release|x64.Build.0 = Release|x64
		{1F64DE36-507F-4327-BDA6-47A45BD2789F}.Release|x64.Deploy.0 = Release|x64
		{1F64DE36-507F-4327-BDA6-47A45BD2789F}.Release|x86.ActiveCfg = Release|x86
		{1F64DE36-507F-4327-BDA6-47A45BD2789F}.Release|x86.Build.0 = Release|x86
		{1F64DE36-507F-4327-BDA6-47A45BD2789F}.Release|x86.Deploy.0 = Release|x86
		{A5BDC2E2-9B10-4967-B2F2-44C992AA0FBD}.Debug|Any CPU.ActiveCfg = Debug|Any CPU
		{A5BDC2E2-9B10-4967-B2F2-44C992AA0FBD}.Debug|Any CPU.Build.0 = Debug|Any CPU
		{A5BDC2E2-9B10-4967-B2F2-44C992AA0FBD}.Debug|ARM.ActiveCfg = Debug|Any CPU
		{A5BDC2E2-9B10-4967-B2F2-44C992AA0FBD}.Debug|ARM.Build.0 = Debug|Any CPU
		{A5BDC2E2-9B10-4967-B2F2-44C992AA0FBD}.Debug|x64.ActiveCfg = Debug|Any CPU
		{A5BDC2E2-9B10-4967-B2F2-44C992AA0FBD}.Debug|x64.Build.0 = Debug|Any CPU
		{A5BDC2E2-9B10-4967-B2F2-44C992AA0FBD}.Debug|x86.ActiveCfg = Debug|Any CPU
		{A5BDC2E2-9B10-4967-B2F2-44C992AA0FBD}.Debug|x86.Build.0 = Debug|Any CPU
		{A5BDC2E2-9B10-4967-B2F2-44C992AA0FBD}.Release|Any CPU.ActiveCfg = Release|Any CPU
		{A5BDC2E2-9B10-4967-B2F2-44C992AA0FBD}.Release|Any CPU.Build.0 = Release|Any CPU
		{A5BDC2E2-9B10-4967-B2F2-44C992AA0FBD}.Release|ARM.ActiveCfg = Release|Any CPU
		{A5BDC2E2-9B10-4967-B2F2-44C992AA0FBD}.Release|ARM.Build.0 = Release|Any CPU
		{A5BDC2E2-9B10-4967-B2F2-44C992AA0FBD}.Release|x64.ActiveCfg = Release|Any CPU
		{A5BDC2E2-9B10-4967-B2F2-44C992AA0FBD}.Release|x64.Build.0 = Release|Any CPU
		{A5BDC2E2-9B10-4967-B2F2-44C992AA0FBD}.Release|x86.ActiveCfg = Release|Any CPU
		{A5BDC2E2-9B10-4967-B2F2-44C992AA0FBD}.Release|x86.Build.0 = Release|Any CPU
	EndGlobalSection
	GlobalSection(SolutionProperties) = preSolution
		HideSolutionNode = FALSE
	EndGlobalSection
	GlobalSection(ExtensibilityGlobals) = postSolution
		SolutionGuid = {639ABEA0-C31D-45C5-A9CB-D97F8D9FBDA7}
	EndGlobalSection
EndGlobal
